{
  "name": "twitterlikeapp",
  "version": "0.1.0",
  "lockfileVersion": 1,
  "requires": true,
  "dependencies": {
    "jstools-utils": {
      "version": "0.0.22",
      "resolved": "https://registry.npmjs.org/jstools-utils/-/jstools-utils-0.0.22.tgz",
      "integrity": "sha512-X9O0P12inzIee8F2AK3DfHerxHzLSKi9qgEGyGLn14ct1STLYeeBuqcYfDA2IjUkr17OssR2y/XOB9WukcQsBw=="
    },
    "package-manager": {
      "version": "0.0.42",
      "resolved": "https://registry.npmjs.org/package-manager/-/package-manager-0.0.42.tgz",
      "integrity": "sha512-YsDbC6Zjgoc3OnMuINpilVGei20vHKDgKAqYl9SwUJCvl1tkFpv31gL49gB0ChvGqkuNSNcuq91Tdp1KCq3lTQ==",
      "requires": {
        "jstools-utils": "0.0.22"
      }
    }
  }
}
